PODS:
  - AMap3DMap (5.2.1):
    - AMapFoundation (~> 1.3)
  - AMapFoundation (1.4.1)

DEPENDENCIES:
  - AMap3DMap (~> 5.2.1)

SPEC CHECKSUMS:
  AMap3DMap: 5a98d7c08d23a7f07853e7ee2fa7650057b75896
  AMapFoundation: 9cc5198980873cca29bb70466a84b3bd922c0e65

PODFILE CHECKSUM: da33ef24eccb8c9dbac5e7302ec8104d5fdc8d67

COCOAPODS: 1.2.1
